
Microsoft Visual Studio Solution File, Format Version 12.00
# Visual Studio Version 17
VisualStudioVersion = 17.5.33424.131
MinimumVisualStudioVersion = 10.0.40219.1
Project("{FAE04EC0-301F-11D3-BF4B-00C04F79EFBC}") = "WebApplication1", "WebApplication1.csproj", "{555B3830-7F63-45FD-A112-E7B0D63ABD7C}"
EndProject
Global
	GlobalSection(SolutionConfigurationPlatforms) = preSolution
		Debug|Any CPU = Debug|Any CPU
		Release|Any CPU = Release|Any CPU
	EndGlobalSection
	GlobalSection(ProjectConfigurationPlatforms) = postSolution
		{555B3830-7F63-45FD-A112-E7B0D63ABD7C}.Debug|Any CPU.ActiveCfg = Debug|Any CPU
		{555B3830-7F63-45FD-A112-E7B0D63ABD7C}.Debug|Any CPU.Build.0 = Debug|Any CPU
		{555B3830-7F63-45FD-A112-E7B0D63ABD7C}.Release|Any CPU.ActiveCfg = Release|Any CPU
		{555B3830-7F63-45FD-A112-E7B0D63ABD7C}.Release|Any CPU.Build.0 = Release|Any CPU
	EndGlobalSection
	GlobalSection(SolutionProperties) = preSolution
		HideSolutionNode = FALSE
	EndGlobalSection
	GlobalSection(ExtensibilityGlobals) = postSolution
		SolutionGuid = {E3E7359B-F57E-4798-A014-9165A3CFD7E2}
	EndGlobalSection
EndGlobal
